Microsoft Visual Studio Solution File, Format Version 12.00
# Visual Studio Version 17
VisualStudioVersion = 17.5.2.0
MinimumVisualStudioVersion = 10.0.40219.1
Project("{FAE04EC0-301F-11D3-BF4B-00C04F79EFBC}") = "projects", "projects.csproj", "{809E2E3F-73C2-7F94-8D4E-106BD6A07C8F}"
EndProject
Global
	GlobalSection(SolutionConfigurationPlatforms) = preSolution
		Debug|Any CPU = Debug|Any CPU
		Release|Any CPU = Release|Any CPU
	EndGlobalSection
	GlobalSection(ProjectConfigurationPlatforms) = postSolution
		{809E2E3F-73C2-7F94-8D4E-106BD6A07C8F}.Debug|Any CPU.ActiveCfg = Debug|Any CPU
		{809E2E3F-73C2-7F94-8D4E-106BD6A07C8F}.Debug|Any CPU.Build.0 = Debug|Any CPU
		{809E2E3F-73C2-7F94-8D4E-106BD6A07C8F}.Release|Any CPU.ActiveCfg = Release|Any CPU
		{809E2E3F-73C2-7F94-8D4E-106BD6A07C8F}.Release|Any CPU.Build.0 = Release|Any CPU
	EndGlobalSection
	GlobalSection(SolutionProperties) = preSolution
		HideSolutionNode = FALSE
	EndGlobalSection
	GlobalSection(ExtensibilityGlobals) = postSolution
		SolutionGuid = {49228DDC-9339-41FC-BC58-AD14C287E503}
	EndGlobalSection
EndGlobal
